
Microsoft Visual Studio Solution File, Format Version 12.00
# Visual Studio Version 16
VisualStudioVersion = 16.0.29025.244
MinimumVisualStudioVersion = 10.0.40219.1
Project("{FAE04EC0-301F-11D3-BF4B-00C04F79EFBC}") = "Laborator5", "Laborator5.csproj", "{8993CB96-1860-480E-94E5-25F4B71DE2F3}"
EndProject
Global
	GlobalSection(SolutionConfigurationPlatforms) = preSolution
		Debug|Any CPU = Debug|Any CPU
		Release|Any CPU = Release|Any CPU
	EndGlobalSection
	GlobalSection(ProjectConfigurationPlatforms) = postSolution
		{8993CB96-1860-480E-94E5-25F4B71DE2F3}.Debug|Any CPU.ActiveCfg = Debug|Any CPU
		{8993CB96-1860-480E-94E5-25F4B71DE2F3}.Debug|Any CPU.Build.0 = Debug|Any CPU
		{8993CB96-1860-480E-94E5-25F4B71DE2F3}.Release|Any CPU.ActiveCfg = Release|Any CPU
		{8993CB96-1860-480E-94E5-25F4B71DE2F3}.Release|Any CPU.Build.0 = Release|Any CPU
	EndGlobalSection
	GlobalSection(SolutionProperties) = preSolution
		HideSolutionNode = FALSE
	EndGlobalSection
	GlobalSection(ExtensibilityGlobals) = postSolution
		SolutionGuid = {3D0D7FFF-44F7-4731-B370-B5D2E9181122}
	EndGlobalSection
EndGlobal
